// !$*UTF8*$!
{
	archiveVersion = 1;
	classes = {
	};
	objectVersion = 46;
	objects = {

/* Begin PBXBuildFile section */
		57B14B061AE5CBFB00F2CEBF /* AppDelegate.swift in Sources */ = {isa = PBXBuildFile; fileRef = 57B14B051AE5CBFB00F2CEBF /* AppDelegate.swift */; };
		57B14B081AE5CBFB00F2CEBF /* RecordSoundsViewController.swift in Sources */ = {isa = PBXBuildFile; fileRef = 57B14B071AE5CBFB00F2CEBF /* RecordSoundsViewController.swift */; };
		57B14B0B1AE5CBFB00F2CEBF /* Main.storyboard in Resources */ = {isa = PBXBuildFile; fileRef = 57B14B091AE5CBFB00F2CEBF /* Main.storyboard */; };
		57B14B0D1AE5CBFB00F2CEBF /* Images.xcassets in Resources */ = {isa = PBXBuildFile; fileRef = 57B14B0C1AE5CBFB00F2CEBF /* Images.xcassets */; };
		57B14B101AE5CBFB00F2CEBF /* LaunchScreen.xib in Resources */ = {isa = PBXBuildFile; fileRef = 57B14B0E1AE5CBFB00F2CEBF /* LaunchScreen.xib */; };
		57B14B1C1AE5CBFB00F2CEBF /* Pitch_PerfectTests.swift in Sources */ = {isa = PBXBuildFile; fileRef = 57B14B1B1AE5CBFB00F2CEBF /* Pitch_PerfectTests.swift */; };
		57CFED531AEEDF5B001D52E6 /* PlaySoundsViewController.swift in Sources */ = {isa = PBXBuildFile; fileRef = 57CFED521AEEDF5B001D52E6 /* PlaySoundsViewController.swift */; };
		57CFED551AEEE5F8001D52E6 /* movie_quote.mp3 in Resources */ = {isa = PBXBuildFile; fileRef = 57CFED541AEEE5F8001D52E6 /* movie_quote.mp3 */; };
		57CFED571AEF4EC4001D52E6 /* RecordedAudio.swift in Sources */ = {isa = PBXBuildFile; fileRef = 57CFED561AEF4EC4001D52E6 /* RecordedAudio.swift */; };
/* End PBXBuildFile section */

/* Begin PBXContainerItemProxy section */
		57B14B161AE5CBFB00F2CEBF /* PBXContainerItemProxy */ = {
			isa = PBXContainerItemProxy;
			containerPortal = 57B14AF81AE5CBFB00F2CEBF /* Project object */;
			proxyType = 1;
			remoteGlobalIDString = 57B14AFF1AE5CBFB00F2CEBF;
			remoteInfo = "Pitch Perfect";
		};
/* End PBXContainerItemProxy section */

/* Begin PBXFileReference section */
		57B14B001AE5CBFB00F2CEBF /* Pitch Perfect.app */ = {isa = PBXFileReference; explicitFileType = wrapper.application; includeInIndex = 0; path = "Pitch Perfect.app"; sourceTree = BUILT_PRODUCTS_DIR; };
		57B14B041AE5CBFB00F2CEBF /* Info.plist */ = {isa = PBXFileReference; lastKnownFileType = text.plist.xml; path = Info.plist; sourceTree = "<group>"; };
		57B14B051AE5CBFB00F2CEBF /* AppDelegate.swift */ = {isa = PBXFileReference; lastKnownFileType = sourcecode.swift; path = AppDelegate.swift; sourceTree = "<group>"; };
		57B14B071AE5CBFB00F2CEBF /* RecordSoundsViewController.swift */ = {isa = PBXFileReference; lastKnownFileType = sourcecode.swift; path = RecordSoundsViewController.swift; sourceTree = "<group>"; };
		57B14B0A1AE5CBFB00F2CEBF /* Base */ = {isa = PBXFileReference; lastKnownFileType = file.storyboard; name = Base; path = Base.lproj/Main.storyboard; sourceTree = "<group>"; };
		57B14B0C1AE5CBFB00F2CEBF /* Images.xcassets */ = {isa = PBXFileReference; lastKnownFileType = folder.assetcatalog; path = Images.xcassets; sourceTree = "<group>"; };
		57B14B0F1AE5CBFB00F2CEBF /* Base */ = {isa = PBXFileReference; lastKnownFileType = file.xib; name = Base; path = Base.lproj/LaunchScreen.xib; sourceTree = "<group>"; };
		57B14B151AE5CBFB00F2CEBF /* Pitch PerfectTests.xctest */ = {isa = PBXFileReference; explicitFileType = wrapper.cfbundle; includeInIndex = 0; path = "Pitch PerfectTests.xctest"; sourceTree = BUILT_PRODUCTS_DIR; };
		57B14B1A1AE5CBFB00F2CEBF /* Info.plist */ = {isa = PBXFileReference; lastKnownFileType = text.plist.xml; path = Info.plist; sourceTree = "<group>"; };
		57B14B1B1AE5CBFB00F2CEBF /* Pitch_PerfectTests.swift */ = {isa = PBXFileReference; lastKnownFileType = sourcecode.swift; path = Pitch_PerfectTests.swift; sourceTree = "<group>"; };
		57CFED521AEEDF5B001D52E6 /* PlaySoundsViewController.swift */ = {isa = PBXFileReference; fileEncoding = 4; lastKnownFileType = sourcecode.swift; path = PlaySoundsViewController.swift; sourceTree = "<group>"; };
		57CFED541AEEE5F8001D52E6 /* movie_quote.mp3 */ = {isa = PBXFileReference; lastKnownFileType = audio.mp3; path = movie_quote.mp3; sourceTree = "<group>"; };
		57CFED561AEF4EC4001D52E6 /* RecordedAudio.swift */ = {isa = PBXFileReference; fileEncoding = 4; lastKnownFileType = sourcecode.swift; path = RecordedAudio.swift; sourceTree = "<group>"; };
/* End PBXFileReference section */

/* Begin PBXFrameworksBuildPhase section */
		57B14AFD1AE5CBFB00F2CEBF /* Frameworks */ = {
			isa = PBXFrameworksBuildPhase;
			buildActionMask = 2147483647;
			files = (
			);
			runOnlyForDeploymentPostprocessing = 0;
		};
		57B14B121AE5CBFB00F2CEBF /* Frameworks */ = {
			isa = PBXFrameworksBuildPhase;
			buildActionMask = 2147483647;
			files = (
			);
			runOnlyForDeploymentPostprocessing = 0;
		};
/* End PBXFrameworksBuildPhase section */

/* Begin PBXGroup section */
		57B14AF71AE5CBFB00F2CEBF = {
			isa = PBXGroup;
			children = (
				57B14B021AE5CBFB00F2CEBF /* Pitch Perfect */,
				57B14B181AE5CBFB00F2CEBF /* Pitch PerfectTests */,
				57B14B011AE5CBFB00F2CEBF /* Products */,
			);
			sourceTree = "<group>";
		};
		57B14B011AE5CBFB00F2CEBF /* Products */ = {
			isa = PBXGroup;
			children = (
				57B14B001AE5CBFB00F2CEBF /* Pitch Perfect.app */,
				57B14B151AE5CBFB00F2CEBF /* Pitch PerfectTests.xctest */,
			);
			name = Products;
			sourceTree = "<group>";
		};
		57B14B021AE5CBFB00F2CEBF /* Pitch Perfect */ = {
			isa = PBXGroup;
			children = (
				57B14B051AE5CBFB00F2CEBF /* AppDelegate.swift */,
				57B14B071AE5CBFB00F2CEBF /* RecordSoundsViewController.swift */,
				57CFED561AEF4EC4001D52E6 /* RecordedAudio.swift */,
				57B14B091AE5CBFB00F2CEBF /* Main.storyboard */,
				57CFED521AEEDF5B001D52E6 /* PlaySoundsViewController.swift */,
				57B14B0C1AE5CBFB00F2CEBF /* Images.xcassets */,
				57B14B0E1AE5CBFB00F2CEBF /* LaunchScreen.xib */,
				57B14B031AE5CBFB00F2CEBF /* Supporting Files */,
			);
			path = "Pitch Perfect";
			sourceTree = "<group>";
		};
		57B14B031AE5CBFB00F2CEBF /* Supporting Files */ = {
			isa = PBXGroup;
			children = (
				57CFED541AEEE5F8001D52E6 /* movie_quote.mp3 */,
				57B14B041AE5CBFB00F2CEBF /* Info.plist */,
			);
			name = "Supporting Files";
			sourceTree = "<group>";
		};
		57B14B181AE5CBFB00F2CEBF /* Pitch PerfectTests */ = {
			isa = PBXGroup;
			children = (
				57B14B1B1AE5CBFB00F2CEBF /* Pitch_PerfectTests.swift */,
				57B14B191AE5CBFB00F2CEBF /* Supporting Files */,
			);
			path = "Pitch PerfectTests";
			sourceTree = "<group>";
		};
		57B14B191AE5CBFB00F2CEBF /* Supporting Files */ = {
			isa = PBXGroup;
			children = (
				57B14B1A1AE5CBFB00F2CEBF /* Info.plist */,
			);
			name = "Supporting Files";
			sourceTree = "<group>";
		};
/* End PBXGroup section */

/* Begin PBXNativeTarget section */
		57B14AFF1AE5CBFB00F2CEBF /* Pitch Perfect */ = {
			isa = PBXNativeTarget;
			buildConfigurationList = 57B14B1F1AE5CBFB00F2CEBF /* Build configuration list for PBXNativeTarget "Pitch Perfect" */;
			buildPhases = (
				57B14AFC1AE5CBFB00F2CEBF /* Sources */,
				57B14AFD1AE5CBFB00F2CEBF /* Frameworks */,
				57B14AFE1AE5CBFB00F2CEBF /* Resources */,
			);
			buildRules = (
			);
			dependencies = (
			);
			name = "Pitch Perfect";
			productName = "Pitch Perfect";
			productReference = 57B14B001AE5CBFB00F2CEBF /* Pitch Perfect.app */;
			productType = "com.apple.product-type.application";
		};
		57B14B141AE5CBFB00F2CEBF /* Pitch PerfectTests */ = {
			isa = PBXNativeTarget;
			buildConfigurationList = 57B14B221AE5CBFB00F2CEBF /* Build configuration list for PBXNativeTarget "Pitch PerfectTests" */;
			buildPhases = (
				57B14B111AE5CBFB00F2CEBF /* Sources */,
				57B14B121AE5CBFB00F2CEBF /* Frameworks */,
				57B14B131AE5CBFB00F2CEBF /* Resources */,
			);
			buildRules = (
			);
			dependencies = (
				57B14B171AE5CBFB00F2CEBF /* PBXTargetDependency */,
			);
			name = "Pitch PerfectTests";
			productName = "Pitch PerfectTests";
			productReference = 57B14B151AE5CBFB00F2CEBF /* Pitch PerfectTests.xctest */;
			productType = "com.apple.product-type.bundle.unit-test";
		};
/* End PBXNativeTarget section */

/* Begin PBXProject section */
		57B14AF81AE5CBFB00F2CEBF /* Project object */ = {
			isa = PBXProject;
			attributes = {
				LastUpgradeCheck = 0630;
				ORGANIZATIONNAME = "Tian Zhang";
				TargetAttributes = {
					57B14AFF1AE5CBFB00F2CEBF = {
						CreatedOnToolsVersion = 6.3;
						DevelopmentTeam = PZFQ2R5CHM;
					};
					57B14B141AE5CBFB00F2CEBF = {
						CreatedOnToolsVersion = 6.3;
						TestTargetID = 57B14AFF1AE5CBFB00F2CEBF;
					};
				};
			};
			buildConfigurationList = 57B14AFB1AE5CBFB00F2CEBF /* Build configuration list for PBXProject "Pitch Perfect" */;
			compatibilityVersion = "Xcode 3.2";
			developmentRegion = English;
			hasScannedForEncodings = 0;
			knownRegions = (
				en,
				Base,
			);
			mainGroup = 57B14AF71AE5CBFB00F2CEBF;
			productRefGroup = 57B14B011AE5CBFB00F2CEBF /* Products */;
			projectDirPath = "";
			projectRoot = "";
			targets = (
				57B14AFF1AE5CBFB00F2CEBF /* Pitch Perfect */,
				57B14B141AE5CBFB00F2CEBF /* Pitch PerfectTests */,
			);
		};
/* End PBXProject section */

/* Begin PBXResourcesBuildPhase section */
		57B14AFE1AE5CBFB00F2CEBF /* Resources */ = {
			isa = PBXResourcesBuildPhase;
			buildActionMask = 2147483647;
			files = (
				57B14B0B1AE5CBFB00F2CEBF /* Main.storyboard in Resources */,
				57B14B101AE5CBFB00F2CEBF /* LaunchScreen.xib in Resources */,
				57CFED551AEEE5F8001D52E6 /* movie_quote.mp3 in Resources */,
				57B14B0D1AE5CBFB00F2CEBF /* Images.xcassets in Resources */,
			);
			runOnlyForDeploymentPostprocessing = 0;
		};
		57B14B131AE5CBFB00F2CEBF /* Resources */ = {
			isa = PBXResourcesBuildPhase;
			buildActionMask = 2147483647;
			files = (
			);
			runOnlyForDeploymentPostprocessing = 0;
		};
/* End PBXResourcesBuildPhase section */

/* Begin PBXSourcesBuildPhase section */
		57B14AFC1AE5CBFB00F2CEBF /* Sources */ = {
			isa = PBXSourcesBuildPhase;
			buildActionMask = 2147483647;
			files = (
				57CFED571AEF4EC4001D52E6 /* RecordedAudio.swift in Sources */,
				57B14B081AE5CBFB00F2CEBF /* RecordSoundsViewController.swift in Sources */,
				57CFED531AEEDF5B001D52E6 /* PlaySoundsViewController.swift in Sources */,
				57B14B061AE5CBFB00F2CEBF /* AppDelegate.swift in Sources */,
			);
			runOnlyForDeploymentPostprocessing = 0;
		};
		57B14B111AE5CBFB00F2CEBF /* Sources */ = {
			isa = PBXSourcesBuildPhase;
			buildActionMask = 2147483647;
			files = (
				57B14B1C1AE5CBFB00F2CEBF /* Pitch_PerfectTests.swift in Sources */,
			);
			runOnlyForDeploymentPostprocessing = 0;
		};
/* End PBXSourcesBuildPhase section */

/* Begin PBXTargetDependency section */
		57B14B171AE5CBFB00F2CEBF /* PBXTargetDependency */ = {
			isa = PBXTargetDependency;
			target = 57B14AFF1AE5CBFB00F2CEBF /* Pitch Perfect */;
			targetProxy = 57B14B161AE5CBFB00F2CEBF /* PBXContainerItemProxy */;
		};
/* End PBXTargetDependency section */

/* Begin PBXVariantGroup section */
		57B14B091AE5CBFB00F2CEBF /* Main.storyboard */ = {
			isa = PBXVariantGroup;
			children = (
				57B14B0A1AE5CBFB00F2CEBF /* Base */,
			);
			name = Main.storyboard;
			sourceTree = "<group>";
		};
		57B14B0E1AE5CBFB00F2CEBF /* LaunchScreen.xib */ = {
			isa = PBXVariantGroup;
			children = (
				57B14B0F1AE5CBFB00F2CEBF /* Base */,
			);
			name = LaunchScreen.xib;
			sourceTree = "<group>";
		};
/* End PBXVariantGroup section */

/* Begin XCBuildConfiguration section */
		57B14B1D1AE5CBFB00F2CEBF /* Debug */ = {
			isa = XCBuildConfiguration;
			buildSettings = {
				ALWAYS_SEARCH_USER_PATHS = NO;
				CLANG_CXX_LANGUAGE_STANDARD = "gnu++0x";
				CLANG_CXX_LIBRARY = "libc++";
				CLANG_ENABLE_MODULES = YES;
				CLANG_ENABLE_OBJC_ARC = YES;
				CLANG_WARN_BOOL_CONVERSION = YES;
				CLANG_WARN_CONSTANT_CONVERSION = YES;
				CLANG_WARN_DIRECT_OBJC_ISA_USAGE = YES_ERROR;
				CLANG_WARN_EMPTY_BODY = YES;
				CLANG_WARN_ENUM_CONVERSION = YES;
				CLANG_WARN_INT_CONVERSION = YES;
				CLANG_WARN_OBJC_ROOT_CLASS = YES_ERROR;
				CLANG_WARN_UNREACHABLE_CODE = YES;
				CLANG_WARN__DUPLICATE_METHOD_MATCH = YES;
				"CODE_SIGN_IDENTITY[sdk=iphoneos*]" = "iPhone Developer";
				COPY_PHASE_STRIP = NO;
				DEBUG_INFORMATION_FORMAT = "dwarf-with-dsym";
				ENABLE_STRICT_OBJC_MSGSEND = YES;
				GCC_C_LANGUAGE_STANDARD = gnu99;
				GCC_DYNAMIC_NO_PIC = NO;
				GCC_NO_COMMON_BLOCKS = YES;
				GCC_OPTIMIZATION_LEVEL = 0;
				GCC_PREPROCESSOR_DEFINITIONS = (
					"DEBUG=1",
					"$(inherited)",
				);
				GCC_SYMBOLS_PRIVATE_EXTERN = NO;
				GCC_WARN_64_TO_32_BIT_CONVERSION = YES;
				GCC_WARN_ABOUT_RETURN_TYPE = YES_ERROR;
				GCC_WARN_UNDECLARED_SELECTOR = YES;
				GCC_WARN_UNINITIALIZED_AUTOS = YES_AGGRESSIVE;
				GCC_WARN_UNUSED_FUNCTION = YES;
				GCC_WARN_UNUSED_VARIABLE = YES;
				IPHONEOS_DEPLOYMENT_TARGET = 8.3;
				MTL_ENABLE_DEBUG_INFO = YES;
				ONLY_ACTIVE_ARCH = YES;
				SDKROOT = iphoneos;
				SWIFT_OPTIMIZATION_LEVEL = "-Onone";
			};
			name = Debug;
		};
		57B14B1E1AE5CBFB00F2CEBF /* Release */ = {
			isa = XCBuildConfiguration;
			buildSettings = {
				ALWAYS_SEARCH_USER_PATHS = NO;
				CLANG_CXX_LANGUAGE_STANDARD = "gnu++0x";
				CLANG_CXX_LIBRARY = "libc++";
				CLANG_ENABLE_MODULES = YES;
				CLANG_ENABLE_OBJC_ARC = YES;
				CLANG_WARN_BOOL_CONVERSION = YES;
				CLANG_WARN_CONSTANT_CONVERSION = YES;
				CLANG_WARN_DIRECT_OBJC_ISA_USAGE = YES_ERROR;
				CLANG_WARN_EMPTY_BODY = YES;
				CLANG_WARN_ENUM_CONVERSION = YES;
				CLANG_WARN_INT_CONVERSION = YES;
				CLANG_WARN_OBJC_ROOT_CLASS = YES_ERROR;
				CLANG_WARN_UNREACHABLE_CODE = YES;
				CLANG_WARN__DUPLICATE_METHOD_MATCH = YES;
				"CODE_SIGN_IDENTITY[sdk=iphoneos*]" = "iPhone Developer";
				COPY_PHASE_STRIP = NO;
				DEBUG_INFORMATION_FORMAT = "dwarf-with-dsym";
				ENABLE_NS_ASSERTIONS = NO;
				ENABLE_STRICT_OBJC_MSGSEND = YES;
				GCC_C_LANGUAGE_STANDARD = gnu99;
				GCC_NO_COMMON_BLOCKS = YES;
				GCC_WARN_64_TO_32_BIT_CONVERSION = YES;
				GCC_WARN_ABOUT_RETURN_TYPE = YES_ERROR;
				GCC_WARN_UNDECLARED_SELECTOR = YES;
				GCC_WARN_UNINITIALIZED_AUTOS = YES_AGGRESSIVE;
				GCC_WARN_UNUSED_FUNCTION = YES;
				GCC_WARN_UNUSED_VARIABLE = YES;
				IPHONEOS_DEPLOYMENT_TARGET = 8.3;
				MTL_ENABLE_DEBUG_INFO = NO;
				SDKROOT = iphoneos;
				VALIDATE_PRODUCT = YES;
			};
			name = Release;
		};
		57B14B201AE5CBFB00F2CEBF /* Debug */ = {
			isa = XCBuildConfiguration;
			buildSettings = {
				ASSETCATALOG_COMPILER_APPICON_NAME = AppIcon;
				CODE_SIGN_IDENTITY = "iPhone Developer";
				INFOPLIST_FILE = "Pitch Perfect/Info.plist";
				IPHONEOS_DEPLOYMENT_TARGET = 8.3;
				LD_RUNPATH_SEARCH_PATHS = "$(inherited) @executable_path/Frameworks";
				PRODUCT_NAME = "$(TARGET_NAME)";
				SDKROOT = iphoneos8.3;
				TARGETED_DEVICE_FAMILY = 1;
			};
			name = Debug;
		};
		57B14B211AE5CBFB00F2CEBF /* Release */ = {
			isa = XCBuildConfiguration;
			buildSettings = {
				ASSETCATALOG_COMPILER_APPICON_NAME = AppIcon;
				CODE_SIGN_IDENTITY = "iPhone Developer";
				INFOPLIST_FILE = "Pitch Perfect/Info.plist";
				IPHONEOS_DEPLOYMENT_TARGET = 8.3;
				LD_RUNPATH_SEARCH_PATHS = "$(inherited) @executable_path/Frameworks";
				PRODUCT_NAME = "$(TARGET_NAME)";
				SDKROOT = iphoneos8.3;
				TARGETED_DEVICE_FAMILY = 1;
			};
			name = Release;
		};
		57B14B231AE5CBFB00F2CEBF /* Debug */ = {
			isa = XCBuildConfiguration;
			buildSettings = {
				BUNDLE_LOADER = "$(TEST_HOST)";
				FRAMEWORK_SEARCH_PATHS = (
					"$(SDKROOT)/Developer/Library/Frameworks",
					"$(inherited)",
				);
				GCC_PREPROCESSOR_DEFINITIONS = (
					"DEBUG=1",
					"$(inherited)",
				);
				INFOPLIST_FILE = "Pitch PerfectTests/Info.plist";
				LD_RUNPATH_SEARCH_PATHS = "$(inherited) @executable_path/Frameworks @loader_path/Frameworks";
				PRODUCT_NAME = "$(TARGET_NAME)";
				TEST_HOST = "$(BUILT_PRODUCTS_DIR)/Pitch Perfect.app/Pitch Perfect";
			};
			name = Debug;
		};
		57B14B241AE5CBFB00F2CEBF /* Release */ = {
			isa = XCBuildConfiguration;
			buildSettings = {
				BUNDLE_LOADER = "$(TEST_HOST)";
				FRAMEWORK_SEARCH_PATHS = (
					"$(SDKROOT)/Developer/Library/Frameworks",
					"$(inherited)",
				);
				INFOPLIST_FILE = "Pitch PerfectTests/Info.plist";
				LD_RUNPATH_SEARCH_PATHS = "$(inherited) @executable_path/Frameworks @loader_path/Frameworks";
				PRODUCT_NAME = "$(TARGET_NAME)";
				TEST_HOST = "$(BUILT_PRODUCTS_DIR)/Pitch Perfect.app/Pitch Perfect";
			};
			name = Release;
		};
/* End XCBuildConfiguration section */

/* Begin XCConfigurationList section */
		57B14AFB1AE5CBFB00F2CEBF /* Build configuration list for PBXProject "Pitch Perfect" */ = {
			isa = XCConfigurationList;
			buildConfigurations = (
				57B14B1D1AE5CBFB00F2CEBF /* Debug */,
				57B14B1E1AE5CBFB00F2CEBF /* Release */,
			);
			defaultConfigurationIsVisible = 0;
			defaultConfigurationName = Release;
		};
		57B14B1F1AE5CBFB00F2CEBF /* Build configuration list for PBXNativeTarget "Pitch Perfect" */ = {
			isa = XCConfigurationList;
			buildConfigurations = (
				57B14B201AE5CBFB00F2CEBF /* Debug */,
				57B14B211AE5CBFB00F2CEBF /* Release */,
			);
			defaultConfigurationIsVisible = 0;
			defaultConfigurationName = Release;
		};
		57B14B221AE5CBFB00F2CEBF /* Build configuration list for PBXNativeTarget "Pitch PerfectTests" */ = {
			isa = XCConfigurationList;
			buildConfigurations = (
				57B14B231AE5CBFB00F2CEBF /* Debug */,
				57B14B241AE5CBFB00F2CEBF /* Release */,
			);
			defaultConfigurationIsVisible = 0;
			defaultConfigurationName = Release;
		};
/* End XCConfigurationList section */
	};
	rootObject = 57B14AF81AE5CBFB00F2CEBF /* Project object */;
}
